{
    "_readme": [
        "This file locks the dependencies of your project to a known state",
        "Read more about it at https://getcomposer.org/doc/01-basic-usage.md#installing-dependencies",
        "This file is @generated automatically"
    ],
    "content-hash": "3497679ba2d14f4aa4b16c45c49fc79e",
    "packages": [
        {
            "name": "atlas/mapper",
            "version": "1.2.0",
            "source": {
                "type": "git",
                "url": "https://github.com/atlasphp/Atlas.Mapper.git",
                "reference": "79f5beefb350dd2c761dbfc9ee06f12bc13480f3"
            },
            "dist": {
                "type": "zip",
                "url": "https://api.github.com/repos/atlasphp/Atlas.Mapper/zipball/79f5beefb350dd2c761dbfc9ee06f12bc13480f3",
                "reference": "79f5beefb350dd2c761dbfc9ee06f12bc13480f3",
                "shasum": ""
            },
            "require": {
                "atlas/table": "~1.0",
                "php": ">=7.1.0"
            },
            "require-dev": {
                "atlas/testing": "~1.0",
                "pds/skeleton": "~1.0",
                "phpunit/phpunit": "~7.0"
            },
            "type": "library",
            "autoload": {
                "psr-4": {
                    "Atlas\\Mapper\\": "src/"
                }
            },
            "notification-url": "https://packagist.org/downloads/",
            "license": [
                "MIT"
            ],
            "authors": [
                {
                    "name": "Atlas Contributors",
                    "homepage": "https://github.com/atlasphp/Atlas.Mapper/contributors"
                }
            ],
            "description": "A data mapper for the persistence model.",
            "homepage": "http://github.com/atlasphp/Atlas.Mapper",
            "keywords": [
                "data",
                "mapper",
                "mapping",
                "orm",
                "sql"
            ],
            "time": "2018-08-14T11:48:07+00:00"
        },
        {
            "name": "atlas/orm",
            "version": "3.1.0",
            "source": {
                "type": "git",
                "url": "https://github.com/atlasphp/Atlas.Orm.git",
                "reference": "3957c1880cf60d722b51f3152e966e19346049de"
            },
            "dist": {
                "type": "zip",
                "url": "https://api.github.com/repos/atlasphp/Atlas.Orm/zipball/3957c1880cf60d722b51f3152e966e19346049de",
                "reference": "3957c1880cf60d722b51f3152e966e19346049de",
                "shasum": ""
            },
            "require": {
                "atlas/mapper": "~1.0",
                "php": ">=7.1.0"
            },
            "require-dev": {
                "atlas/testing": "~1.0",
                "pds/skeleton": "~1.0",
                "phpunit/phpunit": "~7.0"
            },
            "suggest": {
                "atlas/cli": "A command-line tool to build skeleton classes."
            },
            "type": "library",
            "autoload": {
                "psr-4": {
                    "Atlas\\Orm\\": "src/"
                }
            },
            "notification-url": "https://packagist.org/downloads/",
            "license": [
                "MIT"
            ],
            "authors": [
                {
                    "name": "Atlas Contributors",
                    "homepage": "https://github.com/atlasphp/Atlas.Orm/contributors"
                }
            ],
            "description": "An ORM for your persistence model (not your domain model).",
            "homepage": "http://github.com/atlasphp/Atlas.Orm",
            "keywords": [
                "data",
                "mapper",
                "mapping",
                "orm",
                "sql"
            ],
            "time": "2018-08-08T16:02:30+00:00"
        },
        {
            "name": "atlas/pdo",
            "version": "1.x-dev",
            "source": {
                "type": "git",
                "url": "https://github.com/atlasphp/Atlas.Pdo.git",
                "reference": "3fad08d7732b0760b7706c65bc727426483610dd"
            },
            "dist": {
                "type": "zip",
                "url": "https://api.github.com/repos/atlasphp/Atlas.Pdo/zipball/3fad08d7732b0760b7706c65bc727426483610dd",
                "reference": "3fad08d7732b0760b7706c65bc727426483610dd",
                "shasum": ""
            },
            "require": {
                "php": ">=7.1"
            },
            "require-dev": {
                "pds/skeleton": "~1.0",
                "phpunit/phpunit": "~7.0"
            },
            "type": "library",
            "autoload": {
                "psr-4": {
                    "Atlas\\Pdo\\": "src/"
                }
            },
            "notification-url": "https://packagist.org/downloads/",
            "license": [
                "MIT"
            ],
            "authors": [
                {
                    "name": "Atlas.Pdo Contributors",
                    "homepage": "https://github.com/atlasphp/Atlas.Pdo/contributors"
                }
            ],
            "description": "Provides a PDO instance decorator with convenience methods, and a connection manager.",
            "homepage": "https://github.com/atlasphp/Atlas.Pdo",
            "keywords": [
                "Connection",
                "database",
                "pdo",
                "sql"
            ],
            "time": "2018-08-08T13:04:27+00:00"
        },
        {
            "name": "atlas/query",
            "version": "1.2.0",
            "source": {
                "type": "git",
                "url": "https://github.com/atlasphp/Atlas.Query.git",
                "reference": "6b3e6fcc6ca9be8ac1685cfe8ccecf90e03e68dc"
            },
            "dist": {
                "type": "zip",
                "url": "https://api.github.com/repos/atlasphp/Atlas.Query/zipball/6b3e6fcc6ca9be8ac1685cfe8ccecf90e03e68dc",
                "reference": "6b3e6fcc6ca9be8ac1685cfe8ccecf90e03e68dc",
                "shasum": ""
            },
            "require": {
                "atlas/pdo": "~1.0",
                "php": ">=7.1"
            },
            "require-dev": {
                "pds/skeleton": "~1.0",
                "phpunit/phpunit": "~7.0"
            },
            "type": "library",
            "autoload": {
                "psr-4": {
                    "Atlas\\Query\\": "src/"
                }
            },
            "notification-url": "https://packagist.org/downloads/",
            "license": [
                "MIT"
            ],
            "authors": [
                {
                    "name": "Atlas.Query Contributors",
                    "homepage": "https://github.com/atlasphp/Atlas.Query/contributors"
                }
            ],
            "description": "Object-oriented query builders for MySQL, Postgres, SQLite, and SQLServer.",
            "homepage": "https://github.com/atlasphp/Atlas.Query",
            "keywords": [
                "database",
                "db",
                "delete",
                "dml",
                "insert",
                "mysql",
                "pdo",
                "pgsql",
                "postgres",
                "postgresql",
                "query",
                "select",
                "sql",
                "sql server",
                "sqlite",
                "sqlserver",
                "update"
            ],
            "time": "2018-08-12T14:19:01+00:00"
        },
        {
            "name": "atlas/table",
            "version": "1.2.0",
            "source": {
                "type": "git",
                "url": "https://github.com/atlasphp/Atlas.Table.git",
                "reference": "e56ce3e807eb18d113757ddcde26f7afe420e546"
            },
            "dist": {
                "type": "zip",
                "url": "https://api.github.com/repos/atlasphp/Atlas.Table/zipball/e56ce3e807eb18d113757ddcde26f7afe420e546",
                "reference": "e56ce3e807eb18d113757ddcde26f7afe420e546",
                "shasum": ""
            },
            "require": {
                "atlas/pdo": "~1.0",
                "atlas/query": "~1.0",
                "php": ">=7.1.0"
            },
            "require-dev": {
                "atlas/testing": "~1.0",
                "pds/skeleton": "~1.0",
                "phpunit/phpunit": "~7.0"
            },
            "suggest": {
                "atlas/cli": "A command-line tool to build skeleton classes."
            },
            "type": "library",
            "autoload": {
                "psr-4": {
                    "Atlas\\Table\\": "src/"
                }
            },
            "notification-url": "https://packagist.org/downloads/",
            "license": [
                "MIT"
            ],
            "authors": [
                {
                    "name": "Atlas Contributors",
                    "homepage": "https://github.com/atlasphp/Atlas.Table/contributors"
                }
            ],
            "description": "Table data gateway implementation for Atlas.",
            "homepage": "http://github.com/atlasphp/Atlas.Table",
            "keywords": [
                "data",
                "gateway",
                "mapper",
                "mapping",
                "orm",
                "sql",
                "table"
            ],
            "time": "2018-08-12T20:46:15+00:00"
        }
    ],
    "packages-dev": [],
    "aliases": [],
    "minimum-stability": "stable",
    "stability-flags": {
        "atlas/pdo": 20
    },
    "prefer-stable": false,
    "prefer-lowest": false,
    "platform": [],
    "platform-dev": []
}
